// !$*UTF8*$!
{
	archiveVersion = 1;
	classes = {
	};
	objectVersion = 48;
	objects = {

/* Begin PBXBuildFile section */
		FA47173A201A785B00C4D26A /* AppDelegate.m in Sources */ = {isa = PBXBuildFile; fileRef = FA471739201A785B00C4D26A /* AppDelegate.m */; };
		FA47173D201A785B00C4D26A /* ViewController.m in Sources */ = {isa = PBXBuildFile; fileRef = FA47173C201A785B00C4D26A /* ViewController.m */; };
		FA471740201A785B00C4D26A /* Main.storyboard in Resources */ = {isa = PBXBuildFile; fileRef = FA47173E201A785B00C4D26A /* Main.storyboard */; };
		FA471742201A785B00C4D26A /* Assets.xcassets in Resources */ = {isa = PBXBuildFile; fileRef = FA471741201A785B00C4D26A /* Assets.xcassets */; };
		FA471745201A785B00C4D26A /* LaunchScreen.storyboard in Resources */ = {isa = PBXBuildFile; fileRef = FA471743201A785B00C4D26A /* LaunchScreen.storyboard */; };
		FA471748201A785C00C4D26A /* main.m in Sources */ = {isa = PBXBuildFile; fileRef = FA471747201A785C00C4D26A /* main.m */; };
/* End PBXBuildFile section */

/* Begin PBXFileReference section */
		FA471735201A785B00C4D26A /* RatingCustomControlObjetiveC.app */ = {isa = PBXFileReference; explicitFileType = wrapper.application; includeInIndex = 0; path = RatingCustomControlObjetiveC.app; sourceTree = BUILT_PRODUCTS_DIR; };
		FA471738201A785B00C4D26A /* AppDelegate.h */ = {isa = PBXFileReference; lastKnownFileType = sourcecode.c.h; path = AppDelegate.h; sourceTree = "<group>"; };
		FA471739201A785B00C4D26A /* AppDelegate.m */ = {isa = PBXFileReference; lastKnownFileType = sourcecode.c.objc; path = AppDelegate.m; sourceTree = "<group>"; };
		FA47173B201A785B00C4D26A /* ViewController.h */ = {isa = PBXFileReference; lastKnownFileType = sourcecode.c.h; path = ViewController.h; sourceTree = "<group>"; };
		FA47173C201A785B00C4D26A /* ViewController.m */ = {isa = PBXFileReference; lastKnownFileType = sourcecode.c.objc; path = ViewController.m; sourceTree = "<group>"; };
		FA47173F201A785B00C4D26A /* Base */ = {isa = PBXFileReference; lastKnownFileType = file.storyboard; name = Base; path = Base.lproj/Main.storyboard; sourceTree = "<group>"; };
		FA471741201A785B00C4D26A /* Assets.xcassets */ = {isa = PBXFileReference; lastKnownFileType = folder.assetcatalog; path = Assets.xcassets; sourceTree = "<group>"; };
		FA471744201A785B00C4D26A /* Base */ = {isa = PBXFileReference; lastKnownFileType = file.storyboard; name = Base; path = Base.lproj/LaunchScreen.storyboard; sourceTree = "<group>"; };
		FA471746201A785B00C4D26A /* Info.plist */ = {isa = PBXFileReference; lastKnownFileType = text.plist.xml; path = Info.plist; sourceTree = "<group>"; };
		FA471747201A785C00C4D26A /* main.m */ = {isa = PBXFileReference; lastKnownFileType = sourcecode.c.objc; path = main.m; sourceTree = "<group>"; };
/* End PBXFileReference section */

/* Begin PBXFrameworksBuildPhase section */
		FA471732201A785B00C4D26A /* Frameworks */ = {
			isa = PBXFrameworksBuildPhase;
			buildActionMask = 2147483647;
			files = (
			);
			runOnlyForDeploymentPostprocessing = 0;
		};
/* End PBXFrameworksBuildPhase section */

/* Begin PBXGroup section */
		FA47172C201A785B00C4D26A = {
			isa = PBXGroup;
			children = (
				FA471737201A785B00C4D26A /* RatingCustomControlObjetiveC */,
				FA471736201A785B00C4D26A /* Products */,
			);
			sourceTree = "<group>";
		};
		FA471736201A785B00C4D26A /* Products */ = {
			isa = PBXGroup;
			children = (
				FA471735201A785B00C4D26A /* RatingCustomControlObjetiveC.app */,
			);
			name = Products;
			sourceTree = "<group>";
		};
		FA471737201A785B00C4D26A /* RatingCustomControlObjetiveC */ = {
			isa = PBXGroup;
			children = (
				FA471738201A785B00C4D26A /* AppDelegate.h */,
				FA471739201A785B00C4D26A /* AppDelegate.m */,
				FA47173B201A785B00C4D26A /* ViewController.h */,
				FA47173C201A785B00C4D26A /* ViewController.m */,
				FA47173E201A785B00C4D26A /* Main.storyboard */,
				FA471741201A785B00C4D26A /* Assets.xcassets */,
				FA471743201A785B00C4D26A /* LaunchScreen.storyboard */,
				FA471746201A785B00C4D26A /* Info.plist */,
				FA471747201A785C00C4D26A /* main.m */,
			);
			path = RatingCustomControlObjetiveC;
			sourceTree = "<group>";
		};
/* End PBXGroup section */

/* Begin PBXNativeTarget section */
		FA471734201A785B00C4D26A /* RatingCustomControlObjetiveC */ = {
			isa = PBXNativeTarget;
			buildConfigurationList = FA47174B201A785C00C4D26A /* Build configuration list for PBXNativeTarget "RatingCustomControlObjetiveC" */;
			buildPhases = (
				FA471731201A785B00C4D26A /* Sources */,
				FA471732201A785B00C4D26A /* Frameworks */,
				FA471733201A785B00C4D26A /* Resources */,
			);
			buildRules = (
			);
			dependencies = (
			);
			name = RatingCustomControlObjetiveC;
			productName = RatingCustomControlObjetiveC;
			productReference = FA471735201A785B00C4D26A /* RatingCustomControlObjetiveC.app */;
			productType = "com.apple.product-type.application";
		};
/* End PBXNativeTarget section */

/* Begin PBXProject section */
		FA47172D201A785B00C4D26A /* Project object */ = {
			isa = PBXProject;
			attributes = {
				LastUpgradeCheck = 0920;
				ORGANIZATIONNAME = "Antonio Cortes";
				TargetAttributes = {
					FA471734201A785B00C4D26A = {
						CreatedOnToolsVersion = 9.2;
						ProvisioningStyle = Automatic;
					};
				};
			};
			buildConfigurationList = FA471730201A785B00C4D26A /* Build configuration list for PBXProject "RatingCustomControlObjetiveC" */;
			compatibilityVersion = "Xcode 8.0";
			developmentRegion = en;
			hasScannedForEncodings = 0;
			knownRegions = (
				en,
				Base,
			);
			mainGroup = FA47172C201A785B00C4D26A;
			productRefGroup = FA471736201A785B00C4D26A /* Products */;
			projectDirPath = "";
			projectRoot = "";
			targets = (
				FA471734201A785B00C4D26A /* RatingCustomControlObjetiveC */,
			);
		};
/* End PBXProject section */

/* Begin PBXResourcesBuildPhase section */
		FA471733201A785B00C4D26A /* Resources */ = {
			isa = PBXResourcesBuildPhase;
			buildActionMask = 2147483647;
			files = (
				FA471745201A785B00C4D26A /* LaunchScreen.storyboard in Resources */,
				FA471742201A785B00C4D26A /* Assets.xcassets in Resources */,
				FA471740201A785B00C4D26A /* Main.storyboard in Resources */,
			);
			runOnlyForDeploymentPostprocessing = 0;
		};
/* End PBXResourcesBuildPhase section */

/* Begin PBXSourcesBuildPhase section */
		FA471731201A785B00C4D26A /* Sources */ = {
			isa = PBXSourcesBuildPhase;
			buildActionMask = 2147483647;
			files = (
				FA47173D201A785B00C4D26A /* ViewController.m in Sources */,
				FA471748201A785C00C4D26A /* main.m in Sources */,
				FA47173A201A785B00C4D26A /* AppDelegate.m in Sources */,
			);
			runOnlyForDeploymentPostprocessing = 0;
		};
/* End PBXSourcesBuildPhase section */

/* Begin PBXVariantGroup section */
		FA47173E201A785B00C4D26A /* Main.storyboard */ = {
			isa = PBXVariantGroup;
			children = (
				FA47173F201A785B00C4D26A /* Base */,
			);
			name = Main.storyboard;
			sourceTree = "<group>";
		};
		FA471743201A785B00C4D26A /* LaunchScreen.storyboard */ = {
			isa = PBXVariantGroup;
			children = (
				FA471744201A785B00C4D26A /* Base */,
			);
			name = LaunchScreen.storyboard;
			sourceTree = "<group>";
		};
/* End PBXVariantGroup section */

/* Begin XCBuildConfiguration section */
		FA471749201A785C00C4D26A /* Debug */ = {
			isa = XCBuildConfiguration;
			buildSettings = {
				ALWAYS_SEARCH_USER_PATHS = NO;
				CLANG_ANALYZER_NONNULL = YES;
				CLANG_ANALYZER_NUMBER_OBJECT_CONVERSION = YES_AGGRESSIVE;
				CLANG_CXX_LANGUAGE_STANDARD = "gnu++14";
				CLANG_CXX_LIBRARY = "libc++";
				CLANG_ENABLE_MODULES = YES;
				CLANG_ENABLE_OBJC_ARC = YES;
				CLANG_WARN_BLOCK_CAPTURE_AUTORELEASING = YES;
				CLANG_WARN_BOOL_CONVERSION = YES;
				CLANG_WARN_COMMA = YES;
				CLANG_WARN_CONSTANT_CONVERSION = YES;
				CLANG_WARN_DIRECT_OBJC_ISA_USAGE = YES_ERROR;
				CLANG_WARN_DOCUMENTATION_COMMENTS = YES;
				CLANG_WARN_EMPTY_BODY = YES;
				CLANG_WARN_ENUM_CONVERSION = YES;
				CLANG_WARN_INFINITE_RECURSION = YES;
				CLANG_WARN_INT_CONVERSION = YES;
				CLANG_WARN_NON_LITERAL_NULL_CONVERSION = YES;
				CLANG_WARN_OBJC_LITERAL_CONVERSION = YES;
				CLANG_WARN_OBJC_ROOT_CLASS = YES_ERROR;
				CLANG_WARN_RANGE_LOOP_ANALYSIS = YES;
				CLANG_WARN_STRICT_PROTOTYPES = YES;
				CLANG_WARN_SUSPICIOUS_MOVE = YES;
				CLANG_WARN_UNGUARDED_AVAILABILITY = YES_AGGRESSIVE;
				CLANG_WARN_UNREACHABLE_CODE = YES;
				CLANG_WARN__DUPLICATE_METHOD_MATCH = YES;
				CODE_SIGN_IDENTITY = "iPhone Developer";
				COPY_PHASE_STRIP = NO;
				DEBUG_INFORMATION_FORMAT = dwarf;
				ENABLE_STRICT_OBJC_MSGSEND = YES;
				ENABLE_TESTABILITY = YES;
				GCC_C_LANGUAGE_STANDARD = gnu11;
				GCC_DYNAMIC_NO_PIC = NO;
				GCC_NO_COMMON_BLOCKS = YES;
				GCC_OPTIMIZATION_LEVEL = 0;
				GCC_PREPROCESSOR_DEFINITIONS = (
					"DEBUG=1",
					"$(inherited)",
				);
				GCC_WARN_64_TO_32_BIT_CONVERSION = YES;
				GCC_WARN_ABOUT_RETURN_TYPE = YES_ERROR;
				GCC_WARN_UNDECLARED_SELECTOR = YES;
				GCC_WARN_UNINITIALIZED_AUTOS = YES_AGGRESSIVE;
				GCC_WARN_UNUSED_FUNCTION = YES;
				GCC_WARN_UNUSED_VARIABLE = YES;
				IPHONEOS_DEPLOYMENT_TARGET = 11.2;
				MTL_ENABLE_DEBUG_INFO = YES;
				ONLY_ACTIVE_ARCH = YES;
				SDKROOT = iphoneos;
			};
			name = Debug;
		};
		FA47174A201A785C00C4D26A /* Release */ = {
			isa = XCBuildConfiguration;
			buildSettings = {
				ALWAYS_SEARCH_USER_PATHS = NO;
				CLANG_ANALYZER_NONNULL = YES;
				CLANG_ANALYZER_NUMBER_OBJECT_CONVERSION = YES_AGGRESSIVE;
				CLANG_CXX_LANGUAGE_STANDARD = "gnu++14";
				CLANG_CXX_LIBRARY = "libc++";
				CLANG_ENABLE_MODULES = YES;
				CLANG_ENABLE_OBJC_ARC = YES;
				CLANG_WARN_BLOCK_CAPTURE_AUTORELEASING = YES;
				CLANG_WARN_BOOL_CONVERSION = YES;
				CLANG_WARN_COMMA = YES;
				CLANG_WARN_CONSTANT_CONVERSION = YES;
				CLANG_WARN_DIRECT_OBJC_ISA_USAGE = YES_ERROR;
				CLANG_WARN_DOCUMENTATION_COMMENTS = YES;
				CLANG_WARN_EMPTY_BODY = YES;
				CLANG_WARN_ENUM_CONVERSION = YES;
				CLANG_WARN_INFINITE_RECURSION = YES;
				CLANG_WARN_INT_CONVERSION = YES;
				CLANG_WARN_NON_LITERAL_NULL_CONVERSION = YES;
				CLANG_WARN_OBJC_LITERAL_CONVERSION = YES;
				CLANG_WARN_OBJC_ROOT_CLASS = YES_ERROR;
				CLANG_WARN_RANGE_LOOP_ANALYSIS = YES;
				CLANG_WARN_STRICT_PROTOTYPES = YES;
				CLANG_WARN_SUSPICIOUS_MOVE = YES;
				CLANG_WARN_UNGUARDED_AVAILABILITY = YES_AGGRESSIVE;
				CLANG_WARN_UNREACHABLE_CODE = YES;
				CLANG_WARN__DUPLICATE_METHOD_MATCH = YES;
				CODE_SIGN_IDENTITY = "iPhone Developer";
				COPY_PHASE_STRIP = NO;
				DEBUG_INFORMATION_FORMAT = "dwarf-with-dsym";
				ENABLE_NS_ASSERTIONS = NO;
				ENABLE_STRICT_OBJC_MSGSEND = YES;
				GCC_C_LANGUAGE_STANDARD = gnu11;
				GCC_NO_COMMON_BLOCKS = YES;
				GCC_WARN_64_TO_32_BIT_CONVERSION = YES;
				GCC_WARN_ABOUT_RETURN_TYPE = YES_ERROR;
				GCC_WARN_UNDECLARED_SELECTOR = YES;
				GCC_WARN_UNINITIALIZED_AUTOS = YES_AGGRESSIVE;
				GCC_WARN_UNUSED_FUNCTION = YES;
				GCC_WARN_UNUSED_VARIABLE = YES;
				IPHONEOS_DEPLOYMENT_TARGET = 11.2;
				MTL_ENABLE_DEBUG_INFO = NO;
				SDKROOT = iphoneos;
				VALIDATE_PRODUCT = YES;
			};
			name = Release;
		};
		FA47174C201A785C00C4D26A /* Debug */ = {
			isa = XCBuildConfiguration;
			buildSettings = {
				ASSETCATALOG_COMPILER_APPICON_NAME = AppIcon;
				CODE_SIGN_STYLE = Automatic;
				DEVELOPMENT_TEAM = 592LDFS72D;
				INFOPLIST_FILE = RatingCustomControlObjetiveC/Info.plist;
				LD_RUNPATH_SEARCH_PATHS = "$(inherited) @executable_path/Frameworks";
				PRODUCT_BUNDLE_IDENTIFIER = tony.RatingCustomControlObjetiveC;
				PRODUCT_NAME = "$(TARGET_NAME)";
				TARGETED_DEVICE_FAMILY = "1,2";
			};
			name = Debug;
		};
		FA47174D201A785C00C4D26A /* Release */ = {
			isa = XCBuildConfiguration;
			buildSettings = {
				ASSETCATALOG_COMPILER_APPICON_NAME = AppIcon;
				CODE_SIGN_STYLE = Automatic;
				DEVELOPMENT_TEAM = 592LDFS72D;
				INFOPLIST_FILE = RatingCustomControlObjetiveC/Info.plist;
				LD_RUNPATH_SEARCH_PATHS = "$(inherited) @executable_path/Frameworks";
				PRODUCT_BUNDLE_IDENTIFIER = tony.RatingCustomControlObjetiveC;
				PRODUCT_NAME = "$(TARGET_NAME)";
				TARGETED_DEVICE_FAMILY = "1,2";
			};
			name = Release;
		};
/* End XCBuildConfiguration section */

/* Begin XCConfigurationList section */
		FA471730201A785B00C4D26A /* Build configuration list for PBXProject "RatingCustomControlObjetiveC" */ = {
			isa = XCConfigurationList;
			buildConfigurations = (
				FA471749201A785C00C4D26A /* Debug */,
				FA47174A201A785C00C4D26A /* Release */,
			);
			defaultConfigurationIsVisible = 0;
			defaultConfigurationName = Release;
		};
		FA47174B201A785C00C4D26A /* Build configuration list for PBXNativeTarget "RatingCustomControlObjetiveC" */ = {
			isa = XCConfigurationList;
			buildConfigurations = (
				FA47174C201A785C00C4D26A /* Debug */,
				FA47174D201A785C00C4D26A /* Release */,
			);
			defaultConfigurationIsVisible = 0;
			defaultConfigurationName = Release;
		};
/* End XCConfigurationList section */
	};
	rootObject = FA47172D201A785B00C4D26A /* Project object */;
}
